{
  "lockfileVersion": 1,
  "dependencies": {
    "camunda-bpmn-moddle": {
      "version": "2.0.0",
      "resolved": "https://registry.npmjs.org/camunda-bpmn-moddle/-/camunda-bpmn-moddle-2.0.0.tgz",
      "integrity": "sha512-D70LKjPD7GM/hnKZGW/5Xz146ulpeBNvPuudDFolS3Fx5oqo4YBOO38bNf+GvDQv6zi8NW/ExIDbtHipsrS1Bw=="
    },
    "min-dash": {
      "version": "2.4.0",
      "resolved": "https://registry.npmjs.org/min-dash/-/min-dash-2.4.0.tgz",
      "integrity": "sha512-jmMFOBAd/TJP8IdSzLh7rmNqZEOufp8u10AYMCAQJ+MK1xnHAHQi6aF0DoyOU3oJwIRKKpMKO9nPx4dSf27Wng=="
    }
  }
}
